
Microsoft Visual Studio Solution File, Format Version 12.00
# Visual Studio Version 17
VisualStudioVersion = 17.8.34330.188
MinimumVisualStudioVersion = 10.0.40219.1
Project("{2150E333-8FDC-42A3-9474-1A3956D46DE8}") = "Tests", "Tests", "{DACFABF9-135D-4929-B642-031C893C16BB}"
EndProject
Project("{2150E333-8FDC-42A3-9474-1A3956D46DE8}") = "EzAPIGuard", "EzAPIGuard", "{2191D505-F6FF-46C2-9C43-B82828453194}"
EndProject
Project("{8BC9CEB8-8B4A-11D0-8D11-00A0C91BC942}") = "EzGuardLib", "EzGuardLib\EzGuardLib.vcxproj", "{EF7AD043-F951-4E99-AD4D-AFF43001D2E7}"
EndProject
Project("{8BC9CEB8-8B4A-11D0-8D11-00A0C91BC942}") = "EzAPIGuardGUI", "EzAPIGuardGUI\EzAPIGuardGUI.vcxproj", "{97BB639A-E59D-4923-8A64-714BF432A7AC}"
	ProjectSection(ProjectDependencies) = postProject
		{43FBD704-4A41-43F3-BDF9-2E6CDAAD5782} = {43FBD704-4A41-43F3-BDF9-2E6CDAAD5782}
		{718E6FD4-585B-46D0-90DB-B51D5CABB414} = {718E6FD4-585B-46D0-90DB-B51D5CABB414}
		{800E2B91-5A06-4FA0-AD8F-356A0561FEE4} = {800E2B91-5A06-4FA0-AD8F-356A0561FEE4}
		{8C4C5669-478D-4B46-A221-C6E4BCC57D91} = {8C4C5669-478D-4B46-A221-C6E4BCC57D91}
		{99CA125B-E9E9-47EB-B4C0-4C803AA95EAB} = {99CA125B-E9E9-47EB-B4C0-4C803AA95EAB}
		{C5DDA59E-1BB3-4470-9C7D-032B7E3699A6} = {C5DDA59E-1BB3-4470-9C7D-032B7E3699A6}
		{DA0A69E1-48B9-40D2-B670-6B1B783699E9} = {DA0A69E1-48B9-40D2-B670-6B1B783699E9}
		{EF7AD043-F951-4E99-AD4D-AFF43001D2E7} = {EF7AD043-F951-4E99-AD4D-AFF43001D2E7}
	EndProjectSection
EndProject
Project("{8BC9CEB8-8B4A-11D0-8D11-00A0C91BC942}") = "Test1", "Tests\Test1\Test1.vcxproj", "{8C4C5669-478D-4B46-A221-C6E4BCC57D91}"
	ProjectSection(ProjectDependencies) = postProject
		{B1777C45-D587-4198-ADA3-72ABDA118C62} = {B1777C45-D587-4198-ADA3-72ABDA118C62}
	EndProjectSection
EndProject
Project("{8BC9CEB8-8B4A-11D0-8D11-00A0C91BC942}") = "Test2", "Tests\Test2\Test2.vcxproj", "{43FBD704-4A41-43F3-BDF9-2E6CDAAD5782}"
EndProject
Project("{8BC9CEB8-8B4A-11D0-8D11-00A0C91BC942}") = "Test3", "Tests\Test3\Test3.vcxproj", "{800E2B91-5A06-4FA0-AD8F-356A0561FEE4}"
EndProject
Project("{8BC9CEB8-8B4A-11D0-8D11-00A0C91BC942}") = "Test4", "Tests\Test4\Test4.vcxproj", "{C5DDA59E-1BB3-4470-9C7D-032B7E3699A6}"
EndProject
Project("{8BC9CEB8-8B4A-11D0-8D11-00A0C91BC942}") = "Test5", "Tests\Test5\Test5.vcxproj", "{718E6FD4-585B-46D0-90DB-B51D5CABB414}"
EndProject
Project("{8BC9CEB8-8B4A-11D0-8D11-00A0C91BC942}") = "example", "Tests\example\example.vcxproj", "{B1777C45-D587-4198-ADA3-72ABDA118C62}"
EndProject
Project("{2150E333-8FDC-42A3-9474-1A3956D46DE8}") = "GuardDll", "GuardDll", "{C96A3E7B-5474-4620-A00D-EAB61B940F55}"
EndProject
Project("{8BC9CEB8-8B4A-11D0-8D11-00A0C91BC942}") = "GuardDll_x86", "GuardDll\GuardDll_x86\GuardDll_x86.vcxproj", "{99CA125B-E9E9-47EB-B4C0-4C803AA95EAB}"
	ProjectSection(ProjectDependencies) = postProject
		{37489709-8054-4903-9C49-A79846049FC9} = {37489709-8054-4903-9C49-A79846049FC9}
	EndProjectSection
EndProject
Project("{8BC9CEB8-8B4A-11D0-8D11-00A0C91BC942}") = "GuardDll_x64", "GuardDll\GuardDll_x64\GuardDll_x64.vcxproj", "{DA0A69E1-48B9-40D2-B670-6B1B783699E9}"
	ProjectSection(ProjectDependencies) = postProject
		{4F987EFC-F9A0-4FDE-8AE9-1DD71DDBE6F7} = {4F987EFC-F9A0-4FDE-8AE9-1DD71DDBE6F7}
	EndProjectSection
EndProject
Project("{8BC9CEB8-8B4A-11D0-8D11-00A0C91BC942}") = "Detours_x86", "Detours\vc\Detours_x86.vcxproj", "{37489709-8054-4903-9C49-A79846049FC9}"
EndProject
Project("{8BC9CEB8-8B4A-11D0-8D11-00A0C91BC942}") = "Detours_x64", "Detours\vc\Detours_x64.vcxproj", "{4F987EFC-F9A0-4FDE-8AE9-1DD71DDBE6F7}"
EndProject
Global
	GlobalSection(SolutionConfigurationPlatforms) = preSolution
		Debug|x64 = Debug|x64
		DebugMDd|x64 = DebugMDd|x64
		Release|x64 = Release|x64
		ReleaseMD|x64 = ReleaseMD|x64
	EndGlobalSection
	GlobalSection(ProjectConfigurationPlatforms) = postSolution
		{EF7AD043-F951-4E99-AD4D-AFF43001D2E7}.Debug|x64.ActiveCfg = Debug|x64
		{EF7AD043-F951-4E99-AD4D-AFF43001D2E7}.Debug|x64.Build.0 = Debug|x64
		{EF7AD043-F951-4E99-AD4D-AFF43001D2E7}.DebugMDd|x64.ActiveCfg = Debug|x64
		{EF7AD043-F951-4E99-AD4D-AFF43001D2E7}.DebugMDd|x64.Build.0 = Debug|x64
		{EF7AD043-F951-4E99-AD4D-AFF43001D2E7}.Release|x64.ActiveCfg = Release|x64
		{EF7AD043-F951-4E99-AD4D-AFF43001D2E7}.Release|x64.Build.0 = Release|x64
		{EF7AD043-F951-4E99-AD4D-AFF43001D2E7}.ReleaseMD|x64.ActiveCfg = Release|x64
		{EF7AD043-F951-4E99-AD4D-AFF43001D2E7}.ReleaseMD|x64.Build.0 = Release|x64
		{97BB639A-E59D-4923-8A64-714BF432A7AC}.Debug|x64.ActiveCfg = Debug|x64
		{97BB639A-E59D-4923-8A64-714BF432A7AC}.Debug|x64.Build.0 = Debug|x64
		{97BB639A-E59D-4923-8A64-714BF432A7AC}.DebugMDd|x64.ActiveCfg = Debug|x64
		{97BB639A-E59D-4923-8A64-714BF432A7AC}.DebugMDd|x64.Build.0 = Debug|x64
		{97BB639A-E59D-4923-8A64-714BF432A7AC}.Release|x64.ActiveCfg = Release|x64
		{97BB639A-E59D-4923-8A64-714BF432A7AC}.Release|x64.Build.0 = Release|x64
		{97BB639A-E59D-4923-8A64-714BF432A7AC}.ReleaseMD|x64.ActiveCfg = Release|x64
		{97BB639A-E59D-4923-8A64-714BF432A7AC}.ReleaseMD|x64.Build.0 = Release|x64
		{8C4C5669-478D-4B46-A221-C6E4BCC57D91}.Debug|x64.ActiveCfg = Debug|x64
		{8C4C5669-478D-4B46-A221-C6E4BCC57D91}.Debug|x64.Build.0 = Debug|x64
		{8C4C5669-478D-4B46-A221-C6E4BCC57D91}.DebugMDd|x64.ActiveCfg = Debug|x64
		{8C4C5669-478D-4B46-A221-C6E4BCC57D91}.DebugMDd|x64.Build.0 = Debug|x64
		{8C4C5669-478D-4B46-A221-C6E4BCC57D91}.Release|x64.ActiveCfg = Release|x64
		{8C4C5669-478D-4B46-A221-C6E4BCC57D91}.Release|x64.Build.0 = Release|x64
		{8C4C5669-478D-4B46-A221-C6E4BCC57D91}.ReleaseMD|x64.ActiveCfg = Release|x64
		{8C4C5669-478D-4B46-A221-C6E4BCC57D91}.ReleaseMD|x64.Build.0 = Release|x64
		{43FBD704-4A41-43F3-BDF9-2E6CDAAD5782}.Debug|x64.ActiveCfg = Debug|x64
		{43FBD704-4A41-43F3-BDF9-2E6CDAAD5782}.Debug|x64.Build.0 = Debug|x64
		{43FBD704-4A41-43F3-BDF9-2E6CDAAD5782}.DebugMDd|x64.ActiveCfg = Debug|x64
		{43FBD704-4A41-43F3-BDF9-2E6CDAAD5782}.DebugMDd|x64.Build.0 = Debug|x64
		{43FBD704-4A41-43F3-BDF9-2E6CDAAD5782}.Release|x64.ActiveCfg = Release|x64
		{43FBD704-4A41-43F3-BDF9-2E6CDAAD5782}.Release|x64.Build.0 = Release|x64
		{43FBD704-4A41-43F3-BDF9-2E6CDAAD5782}.ReleaseMD|x64.ActiveCfg = Release|x64
		{43FBD704-4A41-43F3-BDF9-2E6CDAAD5782}.ReleaseMD|x64.Build.0 = Release|x64
		{800E2B91-5A06-4FA0-AD8F-356A0561FEE4}.Debug|x64.ActiveCfg = Debug|x64
		{800E2B91-5A06-4FA0-AD8F-356A0561FEE4}.Debug|x64.Build.0 = Debug|x64
		{800E2B91-5A06-4FA0-AD8F-356A0561FEE4}.DebugMDd|x64.ActiveCfg = Debug|x64
		{800E2B91-5A06-4FA0-AD8F-356A0561FEE4}.DebugMDd|x64.Build.0 = Debug|x64
		{800E2B91-5A06-4FA0-AD8F-356A0561FEE4}.Release|x64.ActiveCfg = Release|x64
		{800E2B91-5A06-4FA0-AD8F-356A0561FEE4}.Release|x64.Build.0 = Release|x64
		{800E2B91-5A06-4FA0-AD8F-356A0561FEE4}.ReleaseMD|x64.ActiveCfg = Release|x64
		{800E2B91-5A06-4FA0-AD8F-356A0561FEE4}.ReleaseMD|x64.Build.0 = Release|x64
		{C5DDA59E-1BB3-4470-9C7D-032B7E3699A6}.Debug|x64.ActiveCfg = Debug|x64
		{C5DDA59E-1BB3-4470-9C7D-032B7E3699A6}.Debug|x64.Build.0 = Debug|x64
		{C5DDA59E-1BB3-4470-9C7D-032B7E3699A6}.DebugMDd|x64.ActiveCfg = Debug|x64
		{C5DDA59E-1BB3-4470-9C7D-032B7E3699A6}.DebugMDd|x64.Build.0 = Debug|x64
		{C5DDA59E-1BB3-4470-9C7D-032B7E3699A6}.Release|x64.ActiveCfg = Release|x64
		{C5DDA59E-1BB3-4470-9C7D-032B7E3699A6}.Release|x64.Build.0 = Release|x64
		{C5DDA59E-1BB3-4470-9C7D-032B7E3699A6}.ReleaseMD|x64.ActiveCfg = Release|x64
		{C5DDA59E-1BB3-4470-9C7D-032B7E3699A6}.ReleaseMD|x64.Build.0 = Release|x64
		{718E6FD4-585B-46D0-90DB-B51D5CABB414}.Debug|x64.ActiveCfg = Debug|x64
		{718E6FD4-585B-46D0-90DB-B51D5CABB414}.Debug|x64.Build.0 = Debug|x64
		{718E6FD4-585B-46D0-90DB-B51D5CABB414}.DebugMDd|x64.ActiveCfg = Debug|x64
		{718E6FD4-585B-46D0-90DB-B51D5CABB414}.DebugMDd|x64.Build.0 = Debug|x64
		{718E6FD4-585B-46D0-90DB-B51D5CABB414}.Release|x64.ActiveCfg = Release|x64
		{718E6FD4-585B-46D0-90DB-B51D5CABB414}.Release|x64.Build.0 = Release|x64
		{718E6FD4-585B-46D0-90DB-B51D5CABB414}.ReleaseMD|x64.ActiveCfg = Release|x64
		{718E6FD4-585B-46D0-90DB-B51D5CABB414}.ReleaseMD|x64.Build.0 = Release|x64
		{B1777C45-D587-4198-ADA3-72ABDA118C62}.Debug|x64.ActiveCfg = Debug|x64
		{B1777C45-D587-4198-ADA3-72ABDA118C62}.Debug|x64.Build.0 = Debug|x64
		{B1777C45-D587-4198-ADA3-72ABDA118C62}.DebugMDd|x64.ActiveCfg = Debug|x64
		{B1777C45-D587-4198-ADA3-72ABDA118C62}.DebugMDd|x64.Build.0 = Debug|x64
		{B1777C45-D587-4198-ADA3-72ABDA118C62}.Release|x64.ActiveCfg = Release|x64
		{B1777C45-D587-4198-ADA3-72ABDA118C62}.Release|x64.Build.0 = Release|x64
		{B1777C45-D587-4198-ADA3-72ABDA118C62}.ReleaseMD|x64.ActiveCfg = Release|x64
		{B1777C45-D587-4198-ADA3-72ABDA118C62}.ReleaseMD|x64.Build.0 = Release|x64
		{99CA125B-E9E9-47EB-B4C0-4C803AA95EAB}.Debug|x64.ActiveCfg = Debug|Win32
		{99CA125B-E9E9-47EB-B4C0-4C803AA95EAB}.Debug|x64.Build.0 = Debug|Win32
		{99CA125B-E9E9-47EB-B4C0-4C803AA95EAB}.DebugMDd|x64.ActiveCfg = Debug|x64
		{99CA125B-E9E9-47EB-B4C0-4C803AA95EAB}.DebugMDd|x64.Build.0 = Debug|x64
		{99CA125B-E9E9-47EB-B4C0-4C803AA95EAB}.Release|x64.ActiveCfg = Release|Win32
		{99CA125B-E9E9-47EB-B4C0-4C803AA95EAB}.Release|x64.Build.0 = Release|Win32
		{99CA125B-E9E9-47EB-B4C0-4C803AA95EAB}.ReleaseMD|x64.ActiveCfg = Release|x64
		{99CA125B-E9E9-47EB-B4C0-4C803AA95EAB}.ReleaseMD|x64.Build.0 = Release|x64
		{DA0A69E1-48B9-40D2-B670-6B1B783699E9}.Debug|x64.ActiveCfg = Debug|x64
		{DA0A69E1-48B9-40D2-B670-6B1B783699E9}.Debug|x64.Build.0 = Debug|x64
		{DA0A69E1-48B9-40D2-B670-6B1B783699E9}.DebugMDd|x64.ActiveCfg = Debug|x64
		{DA0A69E1-48B9-40D2-B670-6B1B783699E9}.DebugMDd|x64.Build.0 = Debug|x64
		{DA0A69E1-48B9-40D2-B670-6B1B783699E9}.Release|x64.ActiveCfg = Release|x64
		{DA0A69E1-48B9-40D2-B670-6B1B783699E9}.Release|x64.Build.0 = Release|x64
		{DA0A69E1-48B9-40D2-B670-6B1B783699E9}.ReleaseMD|x64.ActiveCfg = Release|x64
		{DA0A69E1-48B9-40D2-B670-6B1B783699E9}.ReleaseMD|x64.Build.0 = Release|x64
		{37489709-8054-4903-9C49-A79846049FC9}.Debug|x64.ActiveCfg = DebugMDd|Win32
		{37489709-8054-4903-9C49-A79846049FC9}.Debug|x64.Build.0 = DebugMDd|Win32
		{37489709-8054-4903-9C49-A79846049FC9}.DebugMDd|x64.ActiveCfg = DebugMDd|x64
		{37489709-8054-4903-9C49-A79846049FC9}.DebugMDd|x64.Build.0 = DebugMDd|x64
		{37489709-8054-4903-9C49-A79846049FC9}.Release|x64.ActiveCfg = ReleaseMD|Win32
		{37489709-8054-4903-9C49-A79846049FC9}.Release|x64.Build.0 = ReleaseMD|Win32
		{37489709-8054-4903-9C49-A79846049FC9}.ReleaseMD|x64.ActiveCfg = ReleaseMD|x64
		{37489709-8054-4903-9C49-A79846049FC9}.ReleaseMD|x64.Build.0 = ReleaseMD|x64
		{4F987EFC-F9A0-4FDE-8AE9-1DD71DDBE6F7}.Debug|x64.ActiveCfg = DebugMDd|x64
		{4F987EFC-F9A0-4FDE-8AE9-1DD71DDBE6F7}.Debug|x64.Build.0 = DebugMDd|x64
		{4F987EFC-F9A0-4FDE-8AE9-1DD71DDBE6F7}.DebugMDd|x64.ActiveCfg = DebugMDd|x64
		{4F987EFC-F9A0-4FDE-8AE9-1DD71DDBE6F7}.DebugMDd|x64.Build.0 = DebugMDd|x64
		{4F987EFC-F9A0-4FDE-8AE9-1DD71DDBE6F7}.Release|x64.ActiveCfg = ReleaseMD|x64
		{4F987EFC-F9A0-4FDE-8AE9-1DD71DDBE6F7}.Release|x64.Build.0 = ReleaseMD|x64
		{4F987EFC-F9A0-4FDE-8AE9-1DD71DDBE6F7}.ReleaseMD|x64.ActiveCfg = ReleaseMD|x64
		{4F987EFC-F9A0-4FDE-8AE9-1DD71DDBE6F7}.ReleaseMD|x64.Build.0 = ReleaseMD|x64
	EndGlobalSection
	GlobalSection(SolutionProperties) = preSolution
		HideSolutionNode = FALSE
	EndGlobalSection
	GlobalSection(NestedProjects) = preSolution
		{EF7AD043-F951-4E99-AD4D-AFF43001D2E7} = {2191D505-F6FF-46C2-9C43-B82828453194}
		{97BB639A-E59D-4923-8A64-714BF432A7AC} = {2191D505-F6FF-46C2-9C43-B82828453194}
		{8C4C5669-478D-4B46-A221-C6E4BCC57D91} = {DACFABF9-135D-4929-B642-031C893C16BB}
		{43FBD704-4A41-43F3-BDF9-2E6CDAAD5782} = {DACFABF9-135D-4929-B642-031C893C16BB}
		{800E2B91-5A06-4FA0-AD8F-356A0561FEE4} = {DACFABF9-135D-4929-B642-031C893C16BB}
		{C5DDA59E-1BB3-4470-9C7D-032B7E3699A6} = {DACFABF9-135D-4929-B642-031C893C16BB}
		{718E6FD4-585B-46D0-90DB-B51D5CABB414} = {DACFABF9-135D-4929-B642-031C893C16BB}
		{B1777C45-D587-4198-ADA3-72ABDA118C62} = {DACFABF9-135D-4929-B642-031C893C16BB}
		{C96A3E7B-5474-4620-A00D-EAB61B940F55} = {2191D505-F6FF-46C2-9C43-B82828453194}
		{99CA125B-E9E9-47EB-B4C0-4C803AA95EAB} = {C96A3E7B-5474-4620-A00D-EAB61B940F55}
		{DA0A69E1-48B9-40D2-B670-6B1B783699E9} = {C96A3E7B-5474-4620-A00D-EAB61B940F55}
		{37489709-8054-4903-9C49-A79846049FC9} = {C96A3E7B-5474-4620-A00D-EAB61B940F55}
		{4F987EFC-F9A0-4FDE-8AE9-1DD71DDBE6F7} = {C96A3E7B-5474-4620-A00D-EAB61B940F55}
	EndGlobalSection
	GlobalSection(ExtensibilityGlobals) = postSolution
		SolutionGuid = {795F890E-0EED-4693-9773-5A54084B3547}
	EndGlobalSection
EndGlobal
