
Microsoft Visual Studio Solution File, Format Version 12.00
# Visual Studio Version 17
VisualStudioVersion = 17.8.34330.188
MinimumVisualStudioVersion = 10.0.40219.1
Project("{2150E333-8FDC-42A3-9474-1A3956D46DE8}") = "Tests", "Tests", "{DACFABF9-135D-4929-B642-031C893C16BB}"
EndProject
Project("{8BC9CEB8-8B4A-11D0-8D11-00A0C91BC942}") = "test_example", "Tests\test_example\test_example.vcxproj", "{502B2351-EE4D-4641-81AF-BD93D98073B5}"
EndProject
Project("{2150E333-8FDC-42A3-9474-1A3956D46DE8}") = "EzAPIGuard", "EzAPIGuard", "{2191D505-F6FF-46C2-9C43-B82828453194}"
EndProject
Project("{8BC9CEB8-8B4A-11D0-8D11-00A0C91BC942}") = "Detours", "Detours\vc\Detours.vcxproj", "{37489709-8054-4903-9C49-A79846049FC9}"
EndProject
Project("{8BC9CEB8-8B4A-11D0-8D11-00A0C91BC942}") = "GuardDll", "GuardDll\GuardDll.vcxproj", "{119A848D-F9C1-4C8C-8C22-F5FAA2FC941D}"
	ProjectSection(ProjectDependencies) = postProject
		{37489709-8054-4903-9C49-A79846049FC9} = {37489709-8054-4903-9C49-A79846049FC9}
	EndProjectSection
EndProject
Project("{8BC9CEB8-8B4A-11D0-8D11-00A0C91BC942}") = "EzGuardLib", "EzGuardLib\EzGuardLib.vcxproj", "{EF7AD043-F951-4E99-AD4D-AFF43001D2E7}"
EndProject
Project("{8BC9CEB8-8B4A-11D0-8D11-00A0C91BC942}") = "EzAPIGuardGUI", "EzAPIGuardGUI\EzAPIGuardGUI.vcxproj", "{97BB639A-E59D-4923-8A64-714BF432A7AC}"
	ProjectSection(ProjectDependencies) = postProject
		{EF7AD043-F951-4E99-AD4D-AFF43001D2E7} = {EF7AD043-F951-4E99-AD4D-AFF43001D2E7}
	EndProjectSection
EndProject
Global
	GlobalSection(SolutionConfigurationPlatforms) = preSolution
		Debug|Any CPU = Debug|Any CPU
		Debug|ARM = Debug|ARM
		Debug|ARM64 = Debug|ARM64
		Debug|x64 = Debug|x64
		Debug|x86 = Debug|x86
		DebugMDd|Any CPU = DebugMDd|Any CPU
		DebugMDd|ARM = DebugMDd|ARM
		DebugMDd|ARM64 = DebugMDd|ARM64
		DebugMDd|x64 = DebugMDd|x64
		DebugMDd|x86 = DebugMDd|x86
		Release|Any CPU = Release|Any CPU
		Release|ARM = Release|ARM
		Release|ARM64 = Release|ARM64
		Release|x64 = Release|x64
		Release|x86 = Release|x86
		ReleaseMD|Any CPU = ReleaseMD|Any CPU
		ReleaseMD|ARM = ReleaseMD|ARM
		ReleaseMD|ARM64 = ReleaseMD|ARM64
		ReleaseMD|x64 = ReleaseMD|x64
		ReleaseMD|x86 = ReleaseMD|x86
	EndGlobalSection
	GlobalSection(ProjectConfigurationPlatforms) = postSolution
		{502B2351-EE4D-4641-81AF-BD93D98073B5}.Debug|Any CPU.ActiveCfg = Debug|x64
		{502B2351-EE4D-4641-81AF-BD93D98073B5}.Debug|Any CPU.Build.0 = Debug|x64
		{502B2351-EE4D-4641-81AF-BD93D98073B5}.Debug|ARM.ActiveCfg = Debug|x64
		{502B2351-EE4D-4641-81AF-BD93D98073B5}.Debug|ARM.Build.0 = Debug|x64
		{502B2351-EE4D-4641-81AF-BD93D98073B5}.Debug|ARM64.ActiveCfg = Debug|x64
		{502B2351-EE4D-4641-81AF-BD93D98073B5}.Debug|ARM64.Build.0 = Debug|x64
		{502B2351-EE4D-4641-81AF-BD93D98073B5}.Debug|x64.ActiveCfg = Debug|x64
		{502B2351-EE4D-4641-81AF-BD93D98073B5}.Debug|x64.Build.0 = Debug|x64
		{502B2351-EE4D-4641-81AF-BD93D98073B5}.Debug|x86.ActiveCfg = Debug|Win32
		{502B2351-EE4D-4641-81AF-BD93D98073B5}.Debug|x86.Build.0 = Debug|Win32
		{502B2351-EE4D-4641-81AF-BD93D98073B5}.DebugMDd|Any CPU.ActiveCfg = Debug|x64
		{502B2351-EE4D-4641-81AF-BD93D98073B5}.DebugMDd|Any CPU.Build.0 = Debug|x64
		{502B2351-EE4D-4641-81AF-BD93D98073B5}.DebugMDd|ARM.ActiveCfg = Debug|x64
		{502B2351-EE4D-4641-81AF-BD93D98073B5}.DebugMDd|ARM.Build.0 = Debug|x64
		{502B2351-EE4D-4641-81AF-BD93D98073B5}.DebugMDd|ARM64.ActiveCfg = Debug|x64
		{502B2351-EE4D-4641-81AF-BD93D98073B5}.DebugMDd|ARM64.Build.0 = Debug|x64
		{502B2351-EE4D-4641-81AF-BD93D98073B5}.DebugMDd|x64.ActiveCfg = Debug|x64
		{502B2351-EE4D-4641-81AF-BD93D98073B5}.DebugMDd|x64.Build.0 = Debug|x64
		{502B2351-EE4D-4641-81AF-BD93D98073B5}.DebugMDd|x86.ActiveCfg = Debug|Win32
		{502B2351-EE4D-4641-81AF-BD93D98073B5}.DebugMDd|x86.Build.0 = Debug|Win32
		{502B2351-EE4D-4641-81AF-BD93D98073B5}.Release|Any CPU.ActiveCfg = Release|x64
		{502B2351-EE4D-4641-81AF-BD93D98073B5}.Release|Any CPU.Build.0 = Release|x64
		{502B2351-EE4D-4641-81AF-BD93D98073B5}.Release|ARM.ActiveCfg = Release|x64
		{502B2351-EE4D-4641-81AF-BD93D98073B5}.Release|ARM.Build.0 = Release|x64
		{502B2351-EE4D-4641-81AF-BD93D98073B5}.Release|ARM64.ActiveCfg = Release|x64
		{502B2351-EE4D-4641-81AF-BD93D98073B5}.Release|ARM64.Build.0 = Release|x64
		{502B2351-EE4D-4641-81AF-BD93D98073B5}.Release|x64.ActiveCfg = Release|x64
		{502B2351-EE4D-4641-81AF-BD93D98073B5}.Release|x64.Build.0 = Release|x64
		{502B2351-EE4D-4641-81AF-BD93D98073B5}.Release|x86.ActiveCfg = Release|Win32
		{502B2351-EE4D-4641-81AF-BD93D98073B5}.Release|x86.Build.0 = Release|Win32
		{502B2351-EE4D-4641-81AF-BD93D98073B5}.ReleaseMD|Any CPU.ActiveCfg = Release|x64
		{502B2351-EE4D-4641-81AF-BD93D98073B5}.ReleaseMD|Any CPU.Build.0 = Release|x64
		{502B2351-EE4D-4641-81AF-BD93D98073B5}.ReleaseMD|ARM.ActiveCfg = Release|x64
		{502B2351-EE4D-4641-81AF-BD93D98073B5}.ReleaseMD|ARM.Build.0 = Release|x64
		{502B2351-EE4D-4641-81AF-BD93D98073B5}.ReleaseMD|ARM64.ActiveCfg = Release|x64
		{502B2351-EE4D-4641-81AF-BD93D98073B5}.ReleaseMD|ARM64.Build.0 = Release|x64
		{502B2351-EE4D-4641-81AF-BD93D98073B5}.ReleaseMD|x64.ActiveCfg = Release|x64
		{502B2351-EE4D-4641-81AF-BD93D98073B5}.ReleaseMD|x64.Build.0 = Release|x64
		{502B2351-EE4D-4641-81AF-BD93D98073B5}.ReleaseMD|x86.ActiveCfg = Release|Win32
		{502B2351-EE4D-4641-81AF-BD93D98073B5}.ReleaseMD|x86.Build.0 = Release|Win32
		{37489709-8054-4903-9C49-A79846049FC9}.Debug|Any CPU.ActiveCfg = DebugMDd|x64
		{37489709-8054-4903-9C49-A79846049FC9}.Debug|Any CPU.Build.0 = DebugMDd|x64
		{37489709-8054-4903-9C49-A79846049FC9}.Debug|ARM.ActiveCfg = DebugMDd|ARM
		{37489709-8054-4903-9C49-A79846049FC9}.Debug|ARM.Build.0 = DebugMDd|ARM
		{37489709-8054-4903-9C49-A79846049FC9}.Debug|ARM64.ActiveCfg = DebugMDd|ARM64
		{37489709-8054-4903-9C49-A79846049FC9}.Debug|ARM64.Build.0 = DebugMDd|ARM64
		{37489709-8054-4903-9C49-A79846049FC9}.Debug|x64.ActiveCfg = DebugMDd|x64
		{37489709-8054-4903-9C49-A79846049FC9}.Debug|x64.Build.0 = DebugMDd|x64
		{37489709-8054-4903-9C49-A79846049FC9}.Debug|x86.ActiveCfg = DebugMDd|Win32
		{37489709-8054-4903-9C49-A79846049FC9}.Debug|x86.Build.0 = DebugMDd|Win32
		{37489709-8054-4903-9C49-A79846049FC9}.DebugMDd|Any CPU.ActiveCfg = DebugMDd|x64
		{37489709-8054-4903-9C49-A79846049FC9}.DebugMDd|Any CPU.Build.0 = DebugMDd|x64
		{37489709-8054-4903-9C49-A79846049FC9}.DebugMDd|ARM.ActiveCfg = DebugMDd|ARM
		{37489709-8054-4903-9C49-A79846049FC9}.DebugMDd|ARM.Build.0 = DebugMDd|ARM
		{37489709-8054-4903-9C49-A79846049FC9}.DebugMDd|ARM64.ActiveCfg = DebugMDd|ARM64
		{37489709-8054-4903-9C49-A79846049FC9}.DebugMDd|ARM64.Build.0 = DebugMDd|ARM64
		{37489709-8054-4903-9C49-A79846049FC9}.DebugMDd|x64.ActiveCfg = DebugMDd|x64
		{37489709-8054-4903-9C49-A79846049FC9}.DebugMDd|x64.Build.0 = DebugMDd|x64
		{37489709-8054-4903-9C49-A79846049FC9}.DebugMDd|x86.ActiveCfg = DebugMDd|Win32
		{37489709-8054-4903-9C49-A79846049FC9}.DebugMDd|x86.Build.0 = DebugMDd|Win32
		{37489709-8054-4903-9C49-A79846049FC9}.Release|Any CPU.ActiveCfg = ReleaseMD|x64
		{37489709-8054-4903-9C49-A79846049FC9}.Release|Any CPU.Build.0 = ReleaseMD|x64
		{37489709-8054-4903-9C49-A79846049FC9}.Release|ARM.ActiveCfg = ReleaseMD|ARM
		{37489709-8054-4903-9C49-A79846049FC9}.Release|ARM.Build.0 = ReleaseMD|ARM
		{37489709-8054-4903-9C49-A79846049FC9}.Release|ARM64.ActiveCfg = ReleaseMD|ARM64
		{37489709-8054-4903-9C49-A79846049FC9}.Release|ARM64.Build.0 = ReleaseMD|ARM64
		{37489709-8054-4903-9C49-A79846049FC9}.Release|x64.ActiveCfg = ReleaseMD|x64
		{37489709-8054-4903-9C49-A79846049FC9}.Release|x64.Build.0 = ReleaseMD|x64
		{37489709-8054-4903-9C49-A79846049FC9}.Release|x86.ActiveCfg = ReleaseMD|Win32
		{37489709-8054-4903-9C49-A79846049FC9}.Release|x86.Build.0 = ReleaseMD|Win32
		{37489709-8054-4903-9C49-A79846049FC9}.ReleaseMD|Any CPU.ActiveCfg = ReleaseMD|x64
		{37489709-8054-4903-9C49-A79846049FC9}.ReleaseMD|Any CPU.Build.0 = ReleaseMD|x64
		{37489709-8054-4903-9C49-A79846049FC9}.ReleaseMD|ARM.ActiveCfg = ReleaseMD|ARM
		{37489709-8054-4903-9C49-A79846049FC9}.ReleaseMD|ARM.Build.0 = ReleaseMD|ARM
		{37489709-8054-4903-9C49-A79846049FC9}.ReleaseMD|ARM64.ActiveCfg = ReleaseMD|ARM64
		{37489709-8054-4903-9C49-A79846049FC9}.ReleaseMD|ARM64.Build.0 = ReleaseMD|ARM64
		{37489709-8054-4903-9C49-A79846049FC9}.ReleaseMD|x64.ActiveCfg = ReleaseMD|x64
		{37489709-8054-4903-9C49-A79846049FC9}.ReleaseMD|x64.Build.0 = ReleaseMD|x64
		{37489709-8054-4903-9C49-A79846049FC9}.ReleaseMD|x86.ActiveCfg = ReleaseMD|Win32
		{37489709-8054-4903-9C49-A79846049FC9}.ReleaseMD|x86.Build.0 = ReleaseMD|Win32
		{119A848D-F9C1-4C8C-8C22-F5FAA2FC941D}.Debug|Any CPU.ActiveCfg = Debug|x64
		{119A848D-F9C1-4C8C-8C22-F5FAA2FC941D}.Debug|Any CPU.Build.0 = Debug|x64
		{119A848D-F9C1-4C8C-8C22-F5FAA2FC941D}.Debug|ARM.ActiveCfg = Debug|x64
		{119A848D-F9C1-4C8C-8C22-F5FAA2FC941D}.Debug|ARM.Build.0 = Debug|x64
		{119A848D-F9C1-4C8C-8C22-F5FAA2FC941D}.Debug|ARM64.ActiveCfg = Debug|x64
		{119A848D-F9C1-4C8C-8C22-F5FAA2FC941D}.Debug|ARM64.Build.0 = Debug|x64
		{119A848D-F9C1-4C8C-8C22-F5FAA2FC941D}.Debug|x64.ActiveCfg = Debug|x64
		{119A848D-F9C1-4C8C-8C22-F5FAA2FC941D}.Debug|x64.Build.0 = Debug|x64
		{119A848D-F9C1-4C8C-8C22-F5FAA2FC941D}.Debug|x86.ActiveCfg = Debug|Win32
		{119A848D-F9C1-4C8C-8C22-F5FAA2FC941D}.Debug|x86.Build.0 = Debug|Win32
		{119A848D-F9C1-4C8C-8C22-F5FAA2FC941D}.DebugMDd|Any CPU.ActiveCfg = Debug|x64
		{119A848D-F9C1-4C8C-8C22-F5FAA2FC941D}.DebugMDd|Any CPU.Build.0 = Debug|x64
		{119A848D-F9C1-4C8C-8C22-F5FAA2FC941D}.DebugMDd|ARM.ActiveCfg = Debug|x64
		{119A848D-F9C1-4C8C-8C22-F5FAA2FC941D}.DebugMDd|ARM.Build.0 = Debug|x64
		{119A848D-F9C1-4C8C-8C22-F5FAA2FC941D}.DebugMDd|ARM64.ActiveCfg = Debug|x64
		{119A848D-F9C1-4C8C-8C22-F5FAA2FC941D}.DebugMDd|ARM64.Build.0 = Debug|x64
		{119A848D-F9C1-4C8C-8C22-F5FAA2FC941D}.DebugMDd|x64.ActiveCfg = Debug|x64
		{119A848D-F9C1-4C8C-8C22-F5FAA2FC941D}.DebugMDd|x64.Build.0 = Debug|x64
		{119A848D-F9C1-4C8C-8C22-F5FAA2FC941D}.DebugMDd|x86.ActiveCfg = Debug|Win32
		{119A848D-F9C1-4C8C-8C22-F5FAA2FC941D}.DebugMDd|x86.Build.0 = Debug|Win32
		{119A848D-F9C1-4C8C-8C22-F5FAA2FC941D}.Release|Any CPU.ActiveCfg = Release|x64
		{119A848D-F9C1-4C8C-8C22-F5FAA2FC941D}.Release|Any CPU.Build.0 = Release|x64
		{119A848D-F9C1-4C8C-8C22-F5FAA2FC941D}.Release|ARM.ActiveCfg = Release|x64
		{119A848D-F9C1-4C8C-8C22-F5FAA2FC941D}.Release|ARM.Build.0 = Release|x64
		{119A848D-F9C1-4C8C-8C22-F5FAA2FC941D}.Release|ARM64.ActiveCfg = Release|x64
		{119A848D-F9C1-4C8C-8C22-F5FAA2FC941D}.Release|ARM64.Build.0 = Release|x64
		{119A848D-F9C1-4C8C-8C22-F5FAA2FC941D}.Release|x64.ActiveCfg = Release|x64
		{119A848D-F9C1-4C8C-8C22-F5FAA2FC941D}.Release|x64.Build.0 = Release|x64
		{119A848D-F9C1-4C8C-8C22-F5FAA2FC941D}.Release|x86.ActiveCfg = Release|Win32
		{119A848D-F9C1-4C8C-8C22-F5FAA2FC941D}.Release|x86.Build.0 = Release|Win32
		{119A848D-F9C1-4C8C-8C22-F5FAA2FC941D}.ReleaseMD|Any CPU.ActiveCfg = Release|x64
		{119A848D-F9C1-4C8C-8C22-F5FAA2FC941D}.ReleaseMD|Any CPU.Build.0 = Release|x64
		{119A848D-F9C1-4C8C-8C22-F5FAA2FC941D}.ReleaseMD|ARM.ActiveCfg = Release|x64
		{119A848D-F9C1-4C8C-8C22-F5FAA2FC941D}.ReleaseMD|ARM.Build.0 = Release|x64
		{119A848D-F9C1-4C8C-8C22-F5FAA2FC941D}.ReleaseMD|ARM64.ActiveCfg = Release|x64
		{119A848D-F9C1-4C8C-8C22-F5FAA2FC941D}.ReleaseMD|ARM64.Build.0 = Release|x64
		{119A848D-F9C1-4C8C-8C22-F5FAA2FC941D}.ReleaseMD|x64.ActiveCfg = Release|x64
		{119A848D-F9C1-4C8C-8C22-F5FAA2FC941D}.ReleaseMD|x64.Build.0 = Release|x64
		{119A848D-F9C1-4C8C-8C22-F5FAA2FC941D}.ReleaseMD|x86.ActiveCfg = Release|Win32
		{119A848D-F9C1-4C8C-8C22-F5FAA2FC941D}.ReleaseMD|x86.Build.0 = Release|Win32
		{EF7AD043-F951-4E99-AD4D-AFF43001D2E7}.Debug|Any CPU.ActiveCfg = Debug|x64
		{EF7AD043-F951-4E99-AD4D-AFF43001D2E7}.Debug|Any CPU.Build.0 = Debug|x64
		{EF7AD043-F951-4E99-AD4D-AFF43001D2E7}.Debug|ARM.ActiveCfg = Debug|x64
		{EF7AD043-F951-4E99-AD4D-AFF43001D2E7}.Debug|ARM.Build.0 = Debug|x64
		{EF7AD043-F951-4E99-AD4D-AFF43001D2E7}.Debug|ARM64.ActiveCfg = Debug|x64
		{EF7AD043-F951-4E99-AD4D-AFF43001D2E7}.Debug|ARM64.Build.0 = Debug|x64
		{EF7AD043-F951-4E99-AD4D-AFF43001D2E7}.Debug|x64.ActiveCfg = Debug|x64
		{EF7AD043-F951-4E99-AD4D-AFF43001D2E7}.Debug|x64.Build.0 = Debug|x64
		{EF7AD043-F951-4E99-AD4D-AFF43001D2E7}.Debug|x86.ActiveCfg = Debug|Win32
		{EF7AD043-F951-4E99-AD4D-AFF43001D2E7}.Debug|x86.Build.0 = Debug|Win32
		{EF7AD043-F951-4E99-AD4D-AFF43001D2E7}.DebugMDd|Any CPU.ActiveCfg = Debug|x64
		{EF7AD043-F951-4E99-AD4D-AFF43001D2E7}.DebugMDd|Any CPU.Build.0 = Debug|x64
		{EF7AD043-F951-4E99-AD4D-AFF43001D2E7}.DebugMDd|ARM.ActiveCfg = Debug|x64
		{EF7AD043-F951-4E99-AD4D-AFF43001D2E7}.DebugMDd|ARM.Build.0 = Debug|x64
		{EF7AD043-F951-4E99-AD4D-AFF43001D2E7}.DebugMDd|ARM64.ActiveCfg = Debug|x64
		{EF7AD043-F951-4E99-AD4D-AFF43001D2E7}.DebugMDd|ARM64.Build.0 = Debug|x64
		{EF7AD043-F951-4E99-AD4D-AFF43001D2E7}.DebugMDd|x64.ActiveCfg = Debug|x64
		{EF7AD043-F951-4E99-AD4D-AFF43001D2E7}.DebugMDd|x64.Build.0 = Debug|x64
		{EF7AD043-F951-4E99-AD4D-AFF43001D2E7}.DebugMDd|x86.ActiveCfg = Debug|Win32
		{EF7AD043-F951-4E99-AD4D-AFF43001D2E7}.DebugMDd|x86.Build.0 = Debug|Win32
		{EF7AD043-F951-4E99-AD4D-AFF43001D2E7}.Release|Any CPU.ActiveCfg = Release|x64
		{EF7AD043-F951-4E99-AD4D-AFF43001D2E7}.Release|Any CPU.Build.0 = Release|x64
		{EF7AD043-F951-4E99-AD4D-AFF43001D2E7}.Release|ARM.ActiveCfg = Release|x64
		{EF7AD043-F951-4E99-AD4D-AFF43001D2E7}.Release|ARM.Build.0 = Release|x64
		{EF7AD043-F951-4E99-AD4D-AFF43001D2E7}.Release|ARM64.ActiveCfg = Release|x64
		{EF7AD043-F951-4E99-AD4D-AFF43001D2E7}.Release|ARM64.Build.0 = Release|x64
		{EF7AD043-F951-4E99-AD4D-AFF43001D2E7}.Release|x64.ActiveCfg = Release|x64
		{EF7AD043-F951-4E99-AD4D-AFF43001D2E7}.Release|x64.Build.0 = Release|x64
		{EF7AD043-F951-4E99-AD4D-AFF43001D2E7}.Release|x86.ActiveCfg = Release|Win32
		{EF7AD043-F951-4E99-AD4D-AFF43001D2E7}.Release|x86.Build.0 = Release|Win32
		{EF7AD043-F951-4E99-AD4D-AFF43001D2E7}.ReleaseMD|Any CPU.ActiveCfg = Release|x64
		{EF7AD043-F951-4E99-AD4D-AFF43001D2E7}.ReleaseMD|Any CPU.Build.0 = Release|x64
		{EF7AD043-F951-4E99-AD4D-AFF43001D2E7}.ReleaseMD|ARM.ActiveCfg = Release|x64
		{EF7AD043-F951-4E99-AD4D-AFF43001D2E7}.ReleaseMD|ARM.Build.0 = Release|x64
		{EF7AD043-F951-4E99-AD4D-AFF43001D2E7}.ReleaseMD|ARM64.ActiveCfg = Release|x64
		{EF7AD043-F951-4E99-AD4D-AFF43001D2E7}.ReleaseMD|ARM64.Build.0 = Release|x64
		{EF7AD043-F951-4E99-AD4D-AFF43001D2E7}.ReleaseMD|x64.ActiveCfg = Release|x64
		{EF7AD043-F951-4E99-AD4D-AFF43001D2E7}.ReleaseMD|x64.Build.0 = Release|x64
		{EF7AD043-F951-4E99-AD4D-AFF43001D2E7}.ReleaseMD|x86.ActiveCfg = Release|Win32
		{EF7AD043-F951-4E99-AD4D-AFF43001D2E7}.ReleaseMD|x86.Build.0 = Release|Win32
		{97BB639A-E59D-4923-8A64-714BF432A7AC}.Debug|Any CPU.ActiveCfg = Debug|x64
		{97BB639A-E59D-4923-8A64-714BF432A7AC}.Debug|Any CPU.Build.0 = Debug|x64
		{97BB639A-E59D-4923-8A64-714BF432A7AC}.Debug|ARM.ActiveCfg = Debug|x64
		{97BB639A-E59D-4923-8A64-714BF432A7AC}.Debug|ARM.Build.0 = Debug|x64
		{97BB639A-E59D-4923-8A64-714BF432A7AC}.Debug|ARM64.ActiveCfg = Debug|x64
		{97BB639A-E59D-4923-8A64-714BF432A7AC}.Debug|ARM64.Build.0 = Debug|x64
		{97BB639A-E59D-4923-8A64-714BF432A7AC}.Debug|x64.ActiveCfg = Debug|x64
		{97BB639A-E59D-4923-8A64-714BF432A7AC}.Debug|x64.Build.0 = Debug|x64
		{97BB639A-E59D-4923-8A64-714BF432A7AC}.Debug|x86.ActiveCfg = Debug|Win32
		{97BB639A-E59D-4923-8A64-714BF432A7AC}.Debug|x86.Build.0 = Debug|Win32
		{97BB639A-E59D-4923-8A64-714BF432A7AC}.DebugMDd|Any CPU.ActiveCfg = Debug|x64
		{97BB639A-E59D-4923-8A64-714BF432A7AC}.DebugMDd|Any CPU.Build.0 = Debug|x64
		{97BB639A-E59D-4923-8A64-714BF432A7AC}.DebugMDd|ARM.ActiveCfg = Debug|x64
		{97BB639A-E59D-4923-8A64-714BF432A7AC}.DebugMDd|ARM.Build.0 = Debug|x64
		{97BB639A-E59D-4923-8A64-714BF432A7AC}.DebugMDd|ARM64.ActiveCfg = Debug|x64
		{97BB639A-E59D-4923-8A64-714BF432A7AC}.DebugMDd|ARM64.Build.0 = Debug|x64
		{97BB639A-E59D-4923-8A64-714BF432A7AC}.DebugMDd|x64.ActiveCfg = Debug|x64
		{97BB639A-E59D-4923-8A64-714BF432A7AC}.DebugMDd|x64.Build.0 = Debug|x64
		{97BB639A-E59D-4923-8A64-714BF432A7AC}.DebugMDd|x86.ActiveCfg = Debug|Win32
		{97BB639A-E59D-4923-8A64-714BF432A7AC}.DebugMDd|x86.Build.0 = Debug|Win32
		{97BB639A-E59D-4923-8A64-714BF432A7AC}.Release|Any CPU.ActiveCfg = Release|x64
		{97BB639A-E59D-4923-8A64-714BF432A7AC}.Release|Any CPU.Build.0 = Release|x64
		{97BB639A-E59D-4923-8A64-714BF432A7AC}.Release|ARM.ActiveCfg = Release|x64
		{97BB639A-E59D-4923-8A64-714BF432A7AC}.Release|ARM.Build.0 = Release|x64
		{97BB639A-E59D-4923-8A64-714BF432A7AC}.Release|ARM64.ActiveCfg = Release|x64
		{97BB639A-E59D-4923-8A64-714BF432A7AC}.Release|ARM64.Build.0 = Release|x64
		{97BB639A-E59D-4923-8A64-714BF432A7AC}.Release|x64.ActiveCfg = Release|x64
		{97BB639A-E59D-4923-8A64-714BF432A7AC}.Release|x64.Build.0 = Release|x64
		{97BB639A-E59D-4923-8A64-714BF432A7AC}.Release|x86.ActiveCfg = Release|Win32
		{97BB639A-E59D-4923-8A64-714BF432A7AC}.Release|x86.Build.0 = Release|Win32
		{97BB639A-E59D-4923-8A64-714BF432A7AC}.ReleaseMD|Any CPU.ActiveCfg = Release|x64
		{97BB639A-E59D-4923-8A64-714BF432A7AC}.ReleaseMD|Any CPU.Build.0 = Release|x64
		{97BB639A-E59D-4923-8A64-714BF432A7AC}.ReleaseMD|ARM.ActiveCfg = Release|x64
		{97BB639A-E59D-4923-8A64-714BF432A7AC}.ReleaseMD|ARM.Build.0 = Release|x64
		{97BB639A-E59D-4923-8A64-714BF432A7AC}.ReleaseMD|ARM64.ActiveCfg = Release|x64
		{97BB639A-E59D-4923-8A64-714BF432A7AC}.ReleaseMD|ARM64.Build.0 = Release|x64
		{97BB639A-E59D-4923-8A64-714BF432A7AC}.ReleaseMD|x64.ActiveCfg = Release|x64
		{97BB639A-E59D-4923-8A64-714BF432A7AC}.ReleaseMD|x64.Build.0 = Release|x64
		{97BB639A-E59D-4923-8A64-714BF432A7AC}.ReleaseMD|x86.ActiveCfg = Release|Win32
		{97BB639A-E59D-4923-8A64-714BF432A7AC}.ReleaseMD|x86.Build.0 = Release|Win32
	EndGlobalSection
	GlobalSection(SolutionProperties) = preSolution
		HideSolutionNode = FALSE
	EndGlobalSection
	GlobalSection(NestedProjects) = preSolution
		{502B2351-EE4D-4641-81AF-BD93D98073B5} = {DACFABF9-135D-4929-B642-031C893C16BB}
		{37489709-8054-4903-9C49-A79846049FC9} = {2191D505-F6FF-46C2-9C43-B82828453194}
		{119A848D-F9C1-4C8C-8C22-F5FAA2FC941D} = {2191D505-F6FF-46C2-9C43-B82828453194}
		{EF7AD043-F951-4E99-AD4D-AFF43001D2E7} = {2191D505-F6FF-46C2-9C43-B82828453194}
		{97BB639A-E59D-4923-8A64-714BF432A7AC} = {2191D505-F6FF-46C2-9C43-B82828453194}
	EndGlobalSection
	GlobalSection(ExtensibilityGlobals) = postSolution
		SolutionGuid = {795F890E-0EED-4693-9773-5A54084B3547}
	EndGlobalSection
EndGlobal
